# This file is automatically @generated by Cargo.
# It is not intended for manual editing.
version = 3

[[package]]
name = "acpi"
version = "4.1.1"
source = "registry+https://github.com/rust-lang/crates.io-index"
checksum = "654f48ab3178632ea535be1765073b990895cb62f70a7e5671975d7150c26d15"
dependencies = [
 "bit_field",
 "log",
 "rsdp",
]

[[package]]
name = "adler"
version = "1.0.2"
source = "registry+https://github.com/rust-lang/crates.io-index"
checksum = "f26201604c87b1e01bd3d98f8d5d9a8fcbb815e8cedb41ffccbeb4bf593a35fe"

[[package]]
name = "anyhow"
version = "1.0.69"
source = "registry+https://github.com/rust-lang/crates.io-index"
checksum = "224afbd727c3d6e4b90103ece64b8d1b67fbb1973b1046c2281eed3f3803f800"

[[package]]
name = "async-channel"
version = "1.8.0"
source = "registry+https://github.com/rust-lang/crates.io-index"
checksum = "cf46fee83e5ccffc220104713af3292ff9bc7c64c7de289f66dae8e38d826833"
dependencies = [
 "concurrent-queue",
 "event-listener",
 "futures-core",
]

[[package]]
name = "async-io"
version = "1.12.0"
source = "registry+https://github.com/rust-lang/crates.io-index"
checksum = "8c374dda1ed3e7d8f0d9ba58715f924862c63eae6849c92d3a18e7fbde9e2794"
dependencies = [
 "async-lock",
 "autocfg",
 "concurrent-queue",
 "futures-lite",
 "libc",
 "log",
 "parking",
 "polling",
 "slab",
 "socket2",
 "waker-fn",
 "windows-sys",
]

[[package]]
name = "async-lock"
version = "2.6.0"
source = "registry+https://github.com/rust-lang/crates.io-index"
checksum = "c8101efe8695a6c17e02911402145357e718ac92d3ff88ae8419e84b1707b685"
dependencies = [
 "event-listener",
 "futures-lite",
]

[[package]]
name = "async-process"
version = "1.6.0"
source = "registry+https://github.com/rust-lang/crates.io-index"
checksum = "6381ead98388605d0d9ff86371043b5aa922a3905824244de40dc263a14fcba4"
dependencies = [
 "async-io",
 "async-lock",
 "autocfg",
 "blocking",
 "cfg-if",
 "event-listener",
 "futures-lite",
 "libc",
 "signal-hook",
 "windows-sys",
]

[[package]]
name = "async-task"
version = "4.3.0"
source = "registry+https://github.com/rust-lang/crates.io-index"
checksum = "7a40729d2133846d9ed0ea60a8b9541bccddab49cd30f0715a1da672fe9a2524"

[[package]]
name = "atomic-waker"
version = "1.1.0"
source = "registry+https://github.com/rust-lang/crates.io-index"
checksum = "debc29dde2e69f9e47506b525f639ed42300fc014a3e007832592448fa8e4599"

[[package]]
name = "autocfg"
version = "1.1.0"
source = "registry+https://github.com/rust-lang/crates.io-index"
checksum = "d468802bab17cbc0cc575e9b053f41e72aa36bfa6b7f55e3529ffa43161b97fa"

[[package]]
name = "bincode"
version = "1.3.3"
source = "registry+https://github.com/rust-lang/crates.io-index"
checksum = "b1f45e9417d87227c7a56d22e471c6206462cba514c7590c09aff4cf6d1ddcad"
dependencies = [
 "serde",
]

[[package]]
name = "bit"
version = "0.1.1"
source = "registry+https://github.com/rust-lang/crates.io-index"
checksum = "2b645c5c09a7d4035949cfce1a915785aaad6f17800c35fda8a8c311c491f284"

[[package]]
name = "bit_field"
version = "0.10.1"
source = "registry+https://github.com/rust-lang/crates.io-index"
checksum = "dcb6dd1c2376d2e096796e234a70e17e94cc2d5d54ff8ce42b28cef1d0d359a4"

[[package]]
name = "bitflags"
version = "1.3.2"
source = "registry+https://github.com/rust-lang/crates.io-index"
checksum = "bef38d45163c2f1dde094a7dfd33ccf595c92905c8f8f4fdc18d06fb1037718a"

[[package]]
name = "bitvec"
version = "1.0.1"
source = "registry+https://github.com/rust-lang/crates.io-index"
checksum = "1bc2832c24239b0141d5674bb9174f9d68a8b5b3f2753311927c172ca46f7e9c"
dependencies = [
 "funty",
 "radium",
 "tap",
 "wyz",
]

[[package]]
name = "blocking"
version = "1.3.0"
source = "registry+https://github.com/rust-lang/crates.io-index"
checksum = "3c67b173a56acffd6d2326fb7ab938ba0b00a71480e14902b2591c87bc5741e8"
dependencies = [
 "async-channel",
 "async-lock",
 "async-task",
 "atomic-waker",
 "fastrand",
 "futures-lite",
]

[[package]]
name = "bootloader"
version = "0.11.0"
source = "git+https://github.com/rust-osdev/bootloader#52a0a679bf7190538e96d211c96f41489e04a935"
dependencies = [
 "anyhow",
 "async-process",
 "bootloader-boot-config",
 "fatfs",
 "futures",
 "futures-concurrency",
 "gpt",
 "llvm-tools",
 "mbrman",
 "serde_json",
 "tempfile",
]

[[package]]
name = "bootloader-boot-config"
version = "0.11.0"
source = "git+https://github.com/rust-osdev/bootloader#52a0a679bf7190538e96d211c96f41489e04a935"
dependencies = [
 "serde",
]

[[package]]
name = "bootloader_api"
version = "0.11.0"
source = "git+https://github.com/rust-osdev/bootloader#52a0a679bf7190538e96d211c96f41489e04a935"

[[package]]
name = "build_const"
version = "0.2.2"
source = "registry+https://github.com/rust-lang/crates.io-index"
checksum = "b4ae4235e6dac0694637c763029ecea1a2ec9e4e06ec2729bd21ba4d9c863eb7"

[[package]]
name = "bytemuck"
version = "1.13.0"
source = "registry+https://github.com/rust-lang/crates.io-index"
checksum = "c041d3eab048880cb0b86b256447da3f18859a163c3b8d8893f4e6368abe6393"

[[package]]
name = "byteorder"
version = "1.4.3"
source = "registry+https://github.com/rust-lang/crates.io-index"
checksum = "14c189c53d098945499cdfa7ecc63567cf3886b3332b312a5b4585d8d3a6a610"

[[package]]
name = "cc"
version = "1.0.79"
source = "registry+https://github.com/rust-lang/crates.io-index"
checksum = "50d30906286121d95be3d479533b458f87493b30a4b5f79a607db8f5d11aa91f"

[[package]]
name = "cfg-if"
version = "1.0.0"
source = "registry+https://github.com/rust-lang/crates.io-index"
checksum = "baf1de4339761588bc0619e3cbc0120ee582ebb74b53b4efbf79117bd2da40fd"

[[package]]
name = "color_quant"
version = "1.1.0"
source = "registry+https://github.com/rust-lang/crates.io-index"
checksum = "3d7b894f5411737b7867f4827955924d7c254fc9f4d91a6aad6b097804b1018b"

[[package]]
name = "concurrent-queue"
version = "2.1.0"
source = "registry+https://github.com/rust-lang/crates.io-index"
checksum = "c278839b831783b70278b14df4d45e1beb1aad306c07bb796637de9a0e323e8e"
dependencies = [
 "crossbeam-utils",
]

[[package]]
name = "conquer-once"
version = "0.3.2"
source = "registry+https://github.com/rust-lang/crates.io-index"
checksum = "7c6d3a9775a69f6d1fe2cc888999b67ed30257d3da4d2af91984e722f2ec918a"
dependencies = [
 "conquer-util",
]

[[package]]
name = "conquer-util"
version = "0.3.0"
source = "registry+https://github.com/rust-lang/crates.io-index"
checksum = "e763eef8846b13b380f37dfecda401770b0ca4e56e95170237bd7c25c7db3582"

[[package]]
name = "cordyceps"
version = "0.3.1"
source = "git+https://github.com/hawkw/mycelium.git?rev=09c84f4e8171f60b1f0ab03627ba5040934dc3a7#09c84f4e8171f60b1f0ab03627ba5040934dc3a7"
dependencies = [
 "loom",
 "tracing 0.1.37",
]

[[package]]
name = "crc"
version = "1.8.1"
source = "registry+https://github.com/rust-lang/crates.io-index"
checksum = "d663548de7f5cca343f1e0a48d14dcfb0e9eb4e079ec58883b7251539fa10aeb"
dependencies = [
 "build_const",
]

[[package]]
name = "crc32fast"
version = "1.3.2"
source = "registry+https://github.com/rust-lang/crates.io-index"
checksum = "b540bd8bc810d3885c6ea91e2018302f68baba2129ab3e88f32389ee9370880d"
dependencies = [
 "cfg-if",
]

[[package]]
name = "crossbeam-queue"
version = "0.3.8"
source = "registry+https://github.com/rust-lang/crates.io-index"
checksum = "d1cfb3ea8a53f37c40dea2c7bedcbd88bdfae54f5e2175d6ecaff1c988353add"
dependencies = [
 "cfg-if",
 "crossbeam-utils",
]

[[package]]
name = "crossbeam-utils"
version = "0.8.14"
source = "registry+https://github.com/rust-lang/crates.io-index"
checksum = "4fb766fa798726286dbbb842f174001dab8abc7b627a1dd86e0b7222a95d929f"
dependencies = [
 "cfg-if",
]

[[package]]
name = "event-listener"
version = "2.5.3"
source = "registry+https://github.com/rust-lang/crates.io-index"
checksum = "0206175f82b8d6bf6652ff7d71a1e27fd2e4efde587fd368662814d6ec1d9ce0"

[[package]]
name = "fastrand"
version = "1.8.0"
source = "registry+https://github.com/rust-lang/crates.io-index"
checksum = "a7a407cfaa3385c4ae6b23e84623d48c2798d06e3e6a1878f7f59f17b3f86499"
dependencies = [
 "instant",
]

[[package]]
name = "fatfs"
version = "0.3.6"
source = "registry+https://github.com/rust-lang/crates.io-index"
checksum = "05669f8e7e2d7badc545c513710f0eba09c2fbef683eb859fd79c46c355048e0"
dependencies = [
 "bitflags",
 "byteorder",
 "log",
]

[[package]]
name = "flate2"
version = "1.0.25"
source = "registry+https://github.com/rust-lang/crates.io-index"
checksum = "a8a2db397cb1c8772f31494cb8917e48cd1e64f0fa7efac59fbd741a0a8ce841"
dependencies = [
 "crc32fast",
 "miniz_oxide",
]

[[package]]
name = "funty"
version = "2.0.0"
source = "registry+https://github.com/rust-lang/crates.io-index"
checksum = "e6d5a32815ae3f33302d95fdcb2ce17862f8c65363dcfd29360480ba1001fc9c"

[[package]]
name = "futures"
version = "0.3.26"
source = "registry+https://github.com/rust-lang/crates.io-index"
checksum = "13e2792b0ff0340399d58445b88fd9770e3489eff258a4cbc1523418f12abf84"
dependencies = [
 "futures-channel",
 "futures-core",
 "futures-executor",
 "futures-io",
 "futures-sink",
 "futures-task",
 "futures-util",
]

[[package]]
name = "futures-channel"
version = "0.3.26"
source = "registry+https://github.com/rust-lang/crates.io-index"
checksum = "2e5317663a9089767a1ec00a487df42e0ca174b61b4483213ac24448e4664df5"
dependencies = [
 "futures-core",
 "futures-sink",
]

[[package]]
name = "futures-concurrency"
version = "7.1.0"
source = "registry+https://github.com/rust-lang/crates.io-index"
checksum = "e06f199437c8a435c12ad153c5a1f4e131871cf6f6025585bb15e8cbb414f0dc"
dependencies = [
 "bitvec",
 "futures-core",
 "pin-project",
]

[[package]]
name = "futures-core"
version = "0.3.26"
source = "registry+https://github.com/rust-lang/crates.io-index"
checksum = "ec90ff4d0fe1f57d600049061dc6bb68ed03c7d2fbd697274c41805dcb3f8608"

[[package]]
name = "futures-executor"
version = "0.3.26"
source = "registry+https://github.com/rust-lang/crates.io-index"
checksum = "e8de0a35a6ab97ec8869e32a2473f4b1324459e14c29275d14b10cb1fd19b50e"
dependencies = [
 "futures-core",
 "futures-task",
 "futures-util",
]

[[package]]
name = "futures-io"
version = "0.3.26"
source = "registry+https://github.com/rust-lang/crates.io-index"
checksum = "bfb8371b6fb2aeb2d280374607aeabfc99d95c72edfe51692e42d3d7f0d08531"

[[package]]
name = "futures-lite"
version = "1.12.0"
source = "registry+https://github.com/rust-lang/crates.io-index"
checksum = "7694489acd39452c77daa48516b894c153f192c3578d5a839b62c58099fcbf48"
dependencies = [
 "fastrand",
 "futures-core",
 "futures-io",
 "memchr",
 "parking",
 "pin-project-lite",
 "waker-fn",
]

[[package]]
name = "futures-macro"
version = "0.3.26"
source = "registry+https://github.com/rust-lang/crates.io-index"
checksum = "95a73af87da33b5acf53acfebdc339fe592ecf5357ac7c0a7734ab9d8c876a70"
dependencies = [
 "proc-macro2",
 "quote",
 "syn",
]

[[package]]
name = "futures-sink"
version = "0.3.26"
source = "registry+https://github.com/rust-lang/crates.io-index"
checksum = "f310820bb3e8cfd46c80db4d7fb8353e15dfff853a127158425f31e0be6c8364"

[[package]]
name = "futures-task"
version = "0.3.26"
source = "registry+https://github.com/rust-lang/crates.io-index"
checksum = "dcf79a1bf610b10f42aea489289c5a2c478a786509693b80cd39c44ccd936366"

[[package]]
name = "futures-util"
version = "0.3.26"
source = "registry+https://github.com/rust-lang/crates.io-index"
checksum = "9c1d6de3acfef38d2be4b1f543f553131788603495be83da675e180c8d6b7bd1"
dependencies = [
 "futures-channel",
 "futures-core",
 "futures-io",
 "futures-macro",
 "futures-sink",
 "futures-task",
 "memchr",
 "pin-project-lite",
 "pin-utils",
 "slab",
]

[[package]]
name = "generator"
version = "0.7.2"
source = "registry+https://github.com/rust-lang/crates.io-index"
checksum = "d266041a359dfa931b370ef684cceb84b166beb14f7f0421f4a6a3d0c446d12e"
dependencies = [
 "cc",
 "libc",
 "log",
 "rustversion",
 "windows",
]

[[package]]
name = "getrandom"
version = "0.2.8"
source = "registry+https://github.com/rust-lang/crates.io-index"
checksum = "c05aeb6a22b8f62540c194aac980f2115af067bfe15a0734d7277a768d396b31"
dependencies = [
 "cfg-if",
 "libc",
 "wasi",
]

[[package]]
name = "gpt"
version = "3.0.0"
source = "registry+https://github.com/rust-lang/crates.io-index"
checksum = "5dd7365d734a70ac5dd7be791b0c96083852188df015b8c665bb2dadb108a743"
dependencies = [
 "bitflags",
 "crc",
 "log",
 "uuid",
]

[[package]]
name = "i8042"
version = "0.1.0"
dependencies = [
 "pc-keyboard",
]

[[package]]
name = "image"
version = "0.24.5"
source = "registry+https://github.com/rust-lang/crates.io-index"
checksum = "69b7ea949b537b0fd0af141fff8c77690f2ce96f4f41f042ccb6c69c6c965945"
dependencies = [
 "bytemuck",
 "byteorder",
 "color_quant",
 "num-rational",
 "num-traits",
 "png",
]

[[package]]
name = "instant"
version = "0.1.12"
source = "registry+https://github.com/rust-lang/crates.io-index"
checksum = "7a5bbe824c507c5da5956355e86a746d82e0e1464f65d862cc5e71da70e94b2c"
dependencies = [
 "cfg-if",
]

[[package]]
name = "itoa"
version = "1.0.5"
source = "registry+https://github.com/rust-lang/crates.io-index"
checksum = "fad582f4b9e86b6caa621cabeb0963332d92eea04729ab12892c2533951e6440"

[[package]]
name = "lazy_static"
version = "1.4.0"
source = "registry+https://github.com/rust-lang/crates.io-index"
checksum = "e2abad23fbc42b3700f2f279844dc832adb2b2eb069b2df918f455c4e18cc646"
dependencies = [
 "spin 0.5.2",
]

[[package]]
name = "libc"
version = "0.2.139"
source = "registry+https://github.com/rust-lang/crates.io-index"
checksum = "201de327520df007757c1f0adce6e827fe8562fbc28bfd9c15571c66ca1f5f79"

[[package]]
name = "linked_list_allocator"
version = "0.10.4"
source = "registry+https://github.com/rust-lang/crates.io-index"
checksum = "e322f259d225fbae43a1b053b2dc6a5968a6bdf8b205f5de684dab485b95030e"
dependencies = [
 "spinning_top",
]

[[package]]
name = "llvm-tools"
version = "0.1.1"
source = "registry+https://github.com/rust-lang/crates.io-index"
checksum = "955be5d0ca0465caf127165acb47964f911e2bc26073e865deb8be7189302faf"

[[package]]
name = "lock_api"
version = "0.4.9"
source = "registry+https://github.com/rust-lang/crates.io-index"
checksum = "435011366fe56583b16cf956f9df0095b405b82d76425bc8981c0e22e60ec4df"
dependencies = [
 "autocfg",
 "scopeguard",
]

[[package]]
name = "log"
version = "0.4.17"
source = "registry+https://github.com/rust-lang/crates.io-index"
checksum = "abb12e687cfb44aa40f41fc3978ef76448f9b6038cad6aef4259d3c095a2382e"
dependencies = [
 "cfg-if",
]

[[package]]
name = "loom"
version = "0.5.6"
source = "registry+https://github.com/rust-lang/crates.io-index"
checksum = "ff50ecb28bb86013e935fb6683ab1f6d3a20016f123c76fd4c27470076ac30f5"
dependencies = [
 "cfg-if",
 "generator",
 "scoped-tls",
 "tracing 0.1.37",
 "tracing-subscriber",
]

[[package]]
name = "maitake"
version = "0.1.0"
source = "git+https://github.com/hawkw/mycelium.git?rev=09c84f4e8171f60b1f0ab03627ba5040934dc3a7#09c84f4e8171f60b1f0ab03627ba5040934dc3a7"
dependencies = [
 "cordyceps",
 "mycelium-bitfield 0.1.2 (git+https://github.com/hawkw/mycelium.git?rev=09c84f4e8171f60b1f0ab03627ba5040934dc3a7)",
 "mycelium-util",
 "pin-project",
 "portable-atomic",
]

[[package]]
name = "matchers"
version = "0.1.0"
source = "registry+https://github.com/rust-lang/crates.io-index"
checksum = "8263075bb86c5a1b1427b5ae862e8889656f126e9f77c484496e8b47cf5c5558"
dependencies = [
 "regex-automata",
]

[[package]]
name = "mbrman"
version = "0.5.1"
source = "registry+https://github.com/rust-lang/crates.io-index"
checksum = "a4b239f4755d00466e3ac1d55ddeaf77a66c7580352fc6cbc40d56c218fc94a9"
dependencies = [
 "bincode",
 "bitvec",
 "serde",
 "serde-big-array",
 "thiserror",
]

[[package]]
name = "memchr"
version = "2.5.0"
source = "registry+https://github.com/rust-lang/crates.io-index"
checksum = "2dffe52ecf27772e601905b7522cb4ef790d2cc203488bbd0e2fe85fcb74566d"

[[package]]
name = "miniz_oxide"
version = "0.6.2"
source = "registry+https://github.com/rust-lang/crates.io-index"
checksum = "b275950c28b37e794e8c55d88aeb5e139d0ce23fdbbeda68f8d7174abdf9e8fa"
dependencies = [
 "adler",
]

[[package]]
name = "mycelium-bitfield"
version = "0.1.2"
source = "git+https://github.com/hawkw/mycelium.git?rev=09c84f4e8171f60b1f0ab03627ba5040934dc3a7#09c84f4e8171f60b1f0ab03627ba5040934dc3a7"

[[package]]
name = "mycelium-bitfield"
version = "0.1.2"
source = "git+https://github.com/hawkw/mycelium.git?rev=f173c18b05543f3bf1abd7b5e3b2bfe32214e5d3#f173c18b05543f3bf1abd7b5e3b2bfe32214e5d3"

[[package]]
name = "mycelium-util"
version = "0.1.0"
source = "git+https://github.com/hawkw/mycelium.git?rev=09c84f4e8171f60b1f0ab03627ba5040934dc3a7#09c84f4e8171f60b1f0ab03627ba5040934dc3a7"
dependencies = [
 "cordyceps",
 "loom",
 "mycelium-bitfield 0.1.2 (git+https://github.com/hawkw/mycelium.git?rev=09c84f4e8171f60b1f0ab03627ba5040934dc3a7)",
 "tracing 0.2.0",
]

[[package]]
name = "noto-sans-mono-bitmap"
version = "0.2.0"
source = "registry+https://github.com/rust-lang/crates.io-index"
checksum = "a27daf9557165efe1d09b52f97393bf6283cadb0a76fbe64a1061e15553a994a"

[[package]]
name = "nu-ansi-term"
version = "0.46.0"
source = "registry+https://github.com/rust-lang/crates.io-index"
checksum = "77a8165726e8236064dbb45459242600304b42a5ea24ee2948e18e023bf7ba84"
dependencies = [
 "overload",
 "winapi",
]

[[package]]
name = "num-integer"
version = "0.1.45"
source = "registry+https://github.com/rust-lang/crates.io-index"
checksum = "225d3389fb3509a24c93f5c29eb6bde2586b98d9f016636dff58d7c6f7569cd9"
dependencies = [
 "autocfg",
 "num-traits",
]

[[package]]
name = "num-rational"
version = "0.4.1"
source = "registry+https://github.com/rust-lang/crates.io-index"
checksum = "0638a1c9d0a3c0914158145bc76cff373a75a627e6ecbfb71cbe6f453a5a19b0"
dependencies = [
 "autocfg",
 "num-integer",
 "num-traits",
]

[[package]]
name = "num-traits"
version = "0.2.15"
source = "registry+https://github.com/rust-lang/crates.io-index"
checksum = "578ede34cf02f8924ab9447f50c28075b4d3e5b269972345e7e0372b38c6cdcd"
dependencies = [
 "autocfg",
]

[[package]]
name = "once_cell"
version = "1.17.0"
source = "registry+https://github.com/rust-lang/crates.io-index"
checksum = "6f61fba1741ea2b3d6a1e3178721804bb716a68a6aeba1149b5d52e3d464ea66"

[[package]]
name = "os_units"
version = "0.4.2"
source = "registry+https://github.com/rust-lang/crates.io-index"
checksum = "76f5d56adacad84b1031b481722ddd4ec261ba0b5c420d45855248918b21dff3"
dependencies = [
 "x86_64",
]

[[package]]
name = "overload"
version = "0.1.1"
source = "registry+https://github.com/rust-lang/crates.io-index"
checksum = "b15813163c1d831bf4a13c3610c05c0d03b39feb07f7e09fa234dac9b15aaf39"

[[package]]
name = "ovmf-prebuilt"
version = "0.1.0-alpha.1"
source = "registry+https://github.com/rust-lang/crates.io-index"
checksum = "fa50141d081512ab30fd9e7e7692476866df5098b028536ad6680212e717fa8d"

[[package]]
name = "parking"
version = "2.0.0"
source = "registry+https://github.com/rust-lang/crates.io-index"
checksum = "427c3892f9e783d91cc128285287e70a59e206ca452770ece88a76f7a3eddd72"

[[package]]
name = "paste"
version = "1.0.11"
source = "registry+https://github.com/rust-lang/crates.io-index"
checksum = "d01a5bd0424d00070b0098dd17ebca6f961a959dead1dbcbbbc1d1cd8d3deeba"

[[package]]
name = "pc-keyboard"
version = "0.7.0"
source = "registry+https://github.com/rust-lang/crates.io-index"
checksum = "ed089a1fbffe3337a1a345501c981f1eb1e47e69de5a40e852433e12953c3174"

[[package]]
name = "pci_types"
version = "0.3.0"
source = "registry+https://github.com/rust-lang/crates.io-index"
checksum = "b2e19a27e5e3457db2a0de5eed76b50f320a81ed5bc1cc2ada77b5273c467840"
dependencies = [
 "bit_field",
]

[[package]]
name = "pic8259"
version = "0.10.2"
source = "registry+https://github.com/rust-lang/crates.io-index"
checksum = "24ec21f514e2e16e94649f1d041ca4a7069b512c037ac156360652a775e6229d"
dependencies = [
 "x86_64",
]

[[package]]
name = "pin-project"
version = "1.0.12"
source = "registry+https://github.com/rust-lang/crates.io-index"
checksum = "ad29a609b6bcd67fee905812e544992d216af9d755757c05ed2d0e15a74c6ecc"
dependencies = [
 "pin-project-internal",
]

[[package]]
name = "pin-project-internal"
version = "1.0.12"
source = "registry+https://github.com/rust-lang/crates.io-index"
checksum = "069bdb1e05adc7a8990dce9cc75370895fbe4e3d58b9b73bf1aee56359344a55"
dependencies = [
 "proc-macro2",
 "quote",
 "syn",
]

[[package]]
name = "pin-project-lite"
version = "0.2.9"
source = "registry+https://github.com/rust-lang/crates.io-index"
checksum = "e0a7ae3ac2f1173085d398531c705756c94a4c56843785df85a60c1a0afac116"

[[package]]
name = "pin-utils"
version = "0.1.0"
source = "registry+https://github.com/rust-lang/crates.io-index"
checksum = "8b870d8c151b6f2fb93e84a13146138f05d02ed11c7e7c54f8826aaaf7c9f184"

[[package]]
name = "png"
version = "0.17.7"
source = "registry+https://github.com/rust-lang/crates.io-index"
checksum = "5d708eaf860a19b19ce538740d2b4bdeeb8337fa53f7738455e706623ad5c638"
dependencies = [
 "bitflags",
 "crc32fast",
 "flate2",
 "miniz_oxide",
]

[[package]]
name = "polling"
version = "2.5.2"
source = "registry+https://github.com/rust-lang/crates.io-index"
checksum = "22122d5ec4f9fe1b3916419b76be1e80bcb93f618d071d2edf841b137b2a2bd6"
dependencies = [
 "autocfg",
 "cfg-if",
 "libc",
 "log",
 "wepoll-ffi",
 "windows-sys",
]

[[package]]
name = "portable-atomic"
version = "0.3.19"
source = "registry+https://github.com/rust-lang/crates.io-index"
checksum = "26f6a7b87c2e435a3241addceeeff740ff8b7e76b74c13bf9acb17fa454ea00b"

[[package]]
name = "proc-macro2"
version = "1.0.51"
source = "registry+https://github.com/rust-lang/crates.io-index"
checksum = "5d727cae5b39d21da60fa540906919ad737832fe0b1c165da3a34d6548c849d6"
dependencies = [
 "unicode-ident",
]

[[package]]
name = "quote"
version = "1.0.23"
source = "registry+https://github.com/rust-lang/crates.io-index"
checksum = "8856d8364d252a14d474036ea1358d63c9e6965c8e5c1885c18f73d70bff9c7b"
dependencies = [
 "proc-macro2",
]

[[package]]
name = "radium"
version = "0.7.0"
source = "registry+https://github.com/rust-lang/crates.io-index"
checksum = "dc33ff2d4973d518d823d61aa239014831e521c75da58e3df4840d3f47749d09"

[[package]]
name = "rand"
version = "0.8.5"
source = "registry+https://github.com/rust-lang/crates.io-index"
checksum = "34af8d1a0e25924bc5b7c43c079c942339d8f0a8b57c39049bef581b46327404"
dependencies = [
 "rand_core",
]

[[package]]
name = "rand_core"
version = "0.6.4"
source = "registry+https://github.com/rust-lang/crates.io-index"
checksum = "ec0be4795e2f6a28069bec0b5ff3e2ac9bafc99e6a9a7dc3547996c5c816922c"

[[package]]
name = "rand_xoshiro"
version = "0.6.0"
source = "registry+https://github.com/rust-lang/crates.io-index"
checksum = "6f97cdb2a36ed4183de61b2f824cc45c9f1037f28afe0a322e9fff4c108b5aaa"
dependencies = [
 "rand_core",
]

[[package]]
name = "raw-cpuid"
version = "10.6.1"
source = "registry+https://github.com/rust-lang/crates.io-index"
checksum = "c307f7aacdbab3f0adee67d52739a1d71112cc068d6fab169ddeb18e48877fad"
dependencies = [
 "bitflags",
]

[[package]]
name = "redox_syscall"
version = "0.2.16"
source = "registry+https://github.com/rust-lang/crates.io-index"
checksum = "fb5a58c1855b4b6819d59012155603f0b22ad30cad752600aadfcb695265519a"
dependencies = [
 "bitflags",
]

[[package]]
name = "regex"
version = "1.7.1"
source = "registry+https://github.com/rust-lang/crates.io-index"
checksum = "48aaa5748ba571fb95cd2c85c09f629215d3a6ece942baa100950af03a34f733"
dependencies = [
 "regex-syntax",
]

[[package]]
name = "regex-automata"
version = "0.1.10"
source = "registry+https://github.com/rust-lang/crates.io-index"
checksum = "6c230d73fb8d8c1b9c0b3135c5142a8acee3a0558fb8db5cf1cb65f8d7862132"
dependencies = [
 "regex-syntax",
]

[[package]]
name = "regex-syntax"
version = "0.6.28"
source = "registry+https://github.com/rust-lang/crates.io-index"
checksum = "456c603be3e8d448b072f410900c09faf164fbce2d480456f50eea6e25f9c848"

[[package]]
name = "remove_dir_all"
version = "0.5.3"
source = "registry+https://github.com/rust-lang/crates.io-index"
checksum = "3acd125665422973a33ac9d3dd2df85edad0f4ae9b00dafb1a05e43a9f5ef8e7"
dependencies = [
 "winapi",
]

[[package]]
name = "rsdp"
version = "2.0.0"
source = "registry+https://github.com/rust-lang/crates.io-index"
checksum = "66d3add2fc55ef37511bcf81a08ee7a09eff07b23aae38b06a29024a38c604b1"
dependencies = [
 "log",
]

[[package]]
name = "rustversion"
version = "1.0.11"
source = "registry+https://github.com/rust-lang/crates.io-index"
checksum = "5583e89e108996506031660fe09baa5011b9dd0341b89029313006d1fb508d70"

[[package]]
name = "ryu"
version = "1.0.12"
source = "registry+https://github.com/rust-lang/crates.io-index"
checksum = "7b4b9743ed687d4b4bcedf9ff5eaa7398495ae14e61cba0a295704edbc7decde"

[[package]]
name = "scoped-tls"
version = "1.0.1"
source = "registry+https://github.com/rust-lang/crates.io-index"
checksum = "e1cf6437eb19a8f4a6cc0f7dca544973b0b78843adbfeb3683d1a94a0024a294"

[[package]]
name = "scopeguard"
version = "1.1.0"
source = "registry+https://github.com/rust-lang/crates.io-index"
checksum = "d29ab0c6d3fc0ee92fe66e2d99f700eab17a8d57d1c1d3b748380fb20baa78cd"

[[package]]
name = "serde"
version = "1.0.152"
source = "registry+https://github.com/rust-lang/crates.io-index"
checksum = "bb7d1f0d3021d347a83e556fc4683dea2ea09d87bccdf88ff5c12545d89d5efb"
dependencies = [
 "serde_derive",
]

[[package]]
name = "serde-big-array"
version = "0.4.1"
source = "registry+https://github.com/rust-lang/crates.io-index"
checksum = "3323f09a748af288c3dc2474ea6803ee81f118321775bffa3ac8f7e65c5e90e7"
dependencies = [
 "serde",
]

[[package]]
name = "serde_derive"
version = "1.0.152"
source = "registry+https://github.com/rust-lang/crates.io-index"
checksum = "af487d118eecd09402d70a5d72551860e788df87b464af30e5ea6a38c75c541e"
dependencies = [
 "proc-macro2",
 "quote",
 "syn",
]

[[package]]
name = "serde_json"
version = "1.0.93"
source = "registry+https://github.com/rust-lang/crates.io-index"
checksum = "cad406b69c91885b5107daf2c29572f6c8cdb3c66826821e286c533490c0bc76"
dependencies = [
 "itoa",
 "ryu",
 "serde",
]

[[package]]
name = "sharded-slab"
version = "0.1.4"
source = "registry+https://github.com/rust-lang/crates.io-index"
checksum = "900fba806f70c630b0a382d0d825e17a0f19fcd059a2ade1ff237bcddf446b31"
dependencies = [
 "lazy_static",
]

[[package]]
name = "signal-hook"
version = "0.3.14"
source = "registry+https://github.com/rust-lang/crates.io-index"
checksum = "a253b5e89e2698464fc26b545c9edceb338e18a89effeeecfea192c3025be29d"
dependencies = [
 "libc",
 "signal-hook-registry",
]

[[package]]
name = "signal-hook-registry"
version = "1.4.0"
source = "registry+https://github.com/rust-lang/crates.io-index"
checksum = "e51e73328dc4ac0c7ccbda3a494dfa03df1de2f46018127f60c693f2648455b0"
dependencies = [
 "libc",
]

[[package]]
name = "slab"
version = "0.4.7"
source = "registry+https://github.com/rust-lang/crates.io-index"
checksum = "4614a76b2a8be0058caa9dbbaf66d988527d86d003c11a94fbd335d7661edcef"
dependencies = [
 "autocfg",
]

[[package]]
name = "smallvec"
version = "1.10.0"
source = "registry+https://github.com/rust-lang/crates.io-index"
checksum = "a507befe795404456341dfab10cef66ead4c041f62b8b11bbb92bffe5d0953e0"

[[package]]
name = "snek_kernel"
version = "0.1.0"
dependencies = [
 "acpi",
 "bootloader_api",
 "conquer-once",
 "crossbeam-queue",
 "futures",
 "futures-util",
 "i8042",
 "image",
 "lazy_static",
 "linked_list_allocator",
 "maitake",
 "mycelium-bitfield 0.1.2 (git+https://github.com/hawkw/mycelium.git?rev=f173c18b05543f3bf1abd7b5e3b2bfe32214e5d3)",
 "noto-sans-mono-bitmap",
 "os_units",
 "pci_types",
 "pic8259",
 "rand",
 "rand_xoshiro",
 "raw-cpuid",
 "spin 0.9.5",
 "x2apic",
 "x86_64",
]

[[package]]
name = "snek_os"
version = "0.1.0"
dependencies = [
 "bootloader",
 "ovmf-prebuilt",
 "snek_kernel",
]

[[package]]
name = "socket2"
version = "0.4.7"
source = "registry+https://github.com/rust-lang/crates.io-index"
checksum = "02e2d2db9033d13a1567121ddd7a095ee144db4e1ca1b1bda3419bc0da294ebd"
dependencies = [
 "libc",
 "winapi",
]

[[package]]
name = "spin"
version = "0.5.2"
source = "registry+https://github.com/rust-lang/crates.io-index"
checksum = "6e63cff320ae2c57904679ba7cb63280a3dc4613885beafb148ee7bf9aa9042d"

[[package]]
name = "spin"
version = "0.9.5"
source = "registry+https://github.com/rust-lang/crates.io-index"
checksum = "7dccf47db1b41fa1573ed27ccf5e08e3ca771cb994f776668c5ebda893b248fc"
dependencies = [
 "lock_api",
]

[[package]]
name = "spinning_top"
version = "0.2.4"
source = "registry+https://github.com/rust-lang/crates.io-index"
checksum = "75adad84ee84b521fb2cca2d4fd0f1dab1d8d026bda3c5bea4ca63b5f9f9293c"
dependencies = [
 "lock_api",
]

[[package]]
name = "syn"
version = "1.0.107"
source = "registry+https://github.com/rust-lang/crates.io-index"
checksum = "1f4064b5b16e03ae50984a5a8ed5d4f8803e6bc1fd170a3cda91a1be4b18e3f5"
dependencies = [
 "proc-macro2",
 "quote",
 "unicode-ident",
]

[[package]]
name = "tap"
version = "1.0.1"
source = "registry+https://github.com/rust-lang/crates.io-index"
checksum = "55937e1799185b12863d447f42597ed69d9928686b8d88a1df17376a097d8369"

[[package]]
name = "tempfile"
version = "3.3.0"
source = "registry+https://github.com/rust-lang/crates.io-index"
checksum = "5cdb1ef4eaeeaddc8fbd371e5017057064af0911902ef36b39801f67cc6d79e4"
dependencies = [
 "cfg-if",
 "fastrand",
 "libc",
 "redox_syscall",
 "remove_dir_all",
 "winapi",
]

[[package]]
name = "thiserror"
version = "1.0.38"
source = "registry+https://github.com/rust-lang/crates.io-index"
checksum = "6a9cd18aa97d5c45c6603caea1da6628790b37f7a34b6ca89522331c5180fed0"
dependencies = [
 "thiserror-impl",
]

[[package]]
name = "thiserror-impl"
version = "1.0.38"
source = "registry+https://github.com/rust-lang/crates.io-index"
checksum = "1fb327af4685e4d03fa8cbcf1716380da910eeb2bb8be417e7f9fd3fb164f36f"
dependencies = [
 "proc-macro2",
 "quote",
 "syn",
]

[[package]]
name = "thread_local"
version = "1.1.6"
source = "registry+https://github.com/rust-lang/crates.io-index"
checksum = "50f297120ff9d4efe680df143d5631bba9c75fa371992b7fcb33eb3453cb0a07"
dependencies = [
 "cfg-if",
 "once_cell",
]

[[package]]
name = "tracing"
version = "0.1.37"
source = "registry+https://github.com/rust-lang/crates.io-index"
checksum = "8ce8c33a8d48bd45d624a6e523445fd21ec13d3653cd51f681abf67418f54eb8"
dependencies = [
 "cfg-if",
 "pin-project-lite",
 "tracing-attributes 0.1.23",
 "tracing-core 0.1.30",
]

[[package]]
name = "tracing"
version = "0.2.0"
source = "git+https://github.com/tokio-rs/tracing#a0126b2e2d465e8e6d514acdf128fcef5b863d27"
dependencies = [
 "cfg-if",
 "pin-project-lite",
 "tracing-attributes 0.2.0",
 "tracing-core 0.2.0",
]

[[package]]
name = "tracing-attributes"
version = "0.1.23"
source = "registry+https://github.com/rust-lang/crates.io-index"
checksum = "4017f8f45139870ca7e672686113917c71c7a6e02d4924eda67186083c03081a"
dependencies = [
 "proc-macro2",
 "quote",
 "syn",
]

[[package]]
name = "tracing-attributes"
version = "0.2.0"
source = "git+https://github.com/tokio-rs/tracing#a0126b2e2d465e8e6d514acdf128fcef5b863d27"
dependencies = [
 "proc-macro2",
 "quote",
 "syn",
]

[[package]]
name = "tracing-core"
version = "0.1.30"
source = "registry+https://github.com/rust-lang/crates.io-index"
checksum = "24eb03ba0eab1fd845050058ce5e616558e8f8d8fca633e6b163fe25c797213a"
dependencies = [
 "once_cell",
 "valuable",
]

[[package]]
name = "tracing-core"
version = "0.2.0"
source = "git+https://github.com/tokio-rs/tracing#a0126b2e2d465e8e6d514acdf128fcef5b863d27"

[[package]]
name = "tracing-log"
version = "0.1.3"
source = "registry+https://github.com/rust-lang/crates.io-index"
checksum = "78ddad33d2d10b1ed7eb9d1f518a5674713876e97e5bb9b7345a7984fbb4f922"
dependencies = [
 "lazy_static",
 "log",
 "tracing-core 0.1.30",
]

[[package]]
name = "tracing-subscriber"
version = "0.3.16"
source = "registry+https://github.com/rust-lang/crates.io-index"
checksum = "a6176eae26dd70d0c919749377897b54a9276bd7061339665dd68777926b5a70"
dependencies = [
 "matchers",
 "nu-ansi-term",
 "once_cell",
 "regex",
 "sharded-slab",
 "smallvec",
 "thread_local",
 "tracing 0.1.37",
 "tracing-core 0.1.30",
 "tracing-log",
]

[[package]]
name = "unicode-ident"
version = "1.0.6"
source = "registry+https://github.com/rust-lang/crates.io-index"
checksum = "84a22b9f218b40614adcb3f4ff08b703773ad44fa9423e4e0d346d5db86e4ebc"

[[package]]
name = "uuid"
version = "0.8.2"
source = "registry+https://github.com/rust-lang/crates.io-index"
checksum = "bc5cf98d8186244414c848017f0e2676b3fcb46807f6668a97dfe67359a3c4b7"
dependencies = [
 "getrandom",
]

[[package]]
name = "valuable"
version = "0.1.0"
source = "registry+https://github.com/rust-lang/crates.io-index"
checksum = "830b7e5d4d90034032940e4ace0d9a9a057e7a45cd94e6c007832e39edb82f6d"

[[package]]
name = "volatile"
version = "0.4.6"
source = "registry+https://github.com/rust-lang/crates.io-index"
checksum = "442887c63f2c839b346c192d047a7c87e73d0689c9157b00b53dcc27dd5ea793"

[[package]]
name = "waker-fn"
version = "1.1.0"
source = "registry+https://github.com/rust-lang/crates.io-index"
checksum = "9d5b2c62b4012a3e1eca5a7e077d13b3bf498c4073e33ccd58626607748ceeca"

[[package]]
name = "wasi"
version = "0.11.0+wasi-snapshot-preview1"
source = "registry+https://github.com/rust-lang/crates.io-index"
checksum = "9c8d87e72b64a3b4db28d11ce29237c246188f4f51057d65a7eab63b7987e423"

[[package]]
name = "wepoll-ffi"
version = "0.1.2"
source = "registry+https://github.com/rust-lang/crates.io-index"
checksum = "d743fdedc5c64377b5fc2bc036b01c7fd642205a0d96356034ae3404d49eb7fb"
dependencies = [
 "cc",
]

[[package]]
name = "winapi"
version = "0.3.9"
source = "registry+https://github.com/rust-lang/crates.io-index"
checksum = "5c839a674fcd7a98952e593242ea400abe93992746761e38641405d28b00f419"
dependencies = [
 "winapi-i686-pc-windows-gnu",
 "winapi-x86_64-pc-windows-gnu",
]

[[package]]
name = "winapi-i686-pc-windows-gnu"
version = "0.4.0"
source = "registry+https://github.com/rust-lang/crates.io-index"
checksum = "ac3b87c63620426dd9b991e5ce0329eff545bccbbb34f3be09ff6fb6ab51b7b6"

[[package]]
name = "winapi-x86_64-pc-windows-gnu"
version = "0.4.0"
source = "registry+https://github.com/rust-lang/crates.io-index"
checksum = "712e227841d057c1ee1cd2fb22fa7e5a5461ae8e48fa2ca79ec42cfc1931183f"

[[package]]
name = "windows"
version = "0.39.0"
source = "registry+https://github.com/rust-lang/crates.io-index"
checksum = "f1c4bd0a50ac6020f65184721f758dba47bb9fbc2133df715ec74a237b26794a"
dependencies = [
 "windows_aarch64_msvc 0.39.0",
 "windows_i686_gnu 0.39.0",
 "windows_i686_msvc 0.39.0",
 "windows_x86_64_gnu 0.39.0",
 "windows_x86_64_msvc 0.39.0",
]

[[package]]
name = "windows-sys"
version = "0.42.0"
source = "registry+https://github.com/rust-lang/crates.io-index"
checksum = "5a3e1820f08b8513f676f7ab6c1f99ff312fb97b553d30ff4dd86f9f15728aa7"
dependencies = [
 "windows_aarch64_gnullvm",
 "windows_aarch64_msvc 0.42.1",
 "windows_i686_gnu 0.42.1",
 "windows_i686_msvc 0.42.1",
 "windows_x86_64_gnu 0.42.1",
 "windows_x86_64_gnullvm",
 "windows_x86_64_msvc 0.42.1",
]

[[package]]
name = "windows_aarch64_gnullvm"
version = "0.42.1"
source = "registry+https://github.com/rust-lang/crates.io-index"
checksum = "8c9864e83243fdec7fc9c5444389dcbbfd258f745e7853198f365e3c4968a608"

[[package]]
name = "windows_aarch64_msvc"
version = "0.39.0"
source = "registry+https://github.com/rust-lang/crates.io-index"
checksum = "ec7711666096bd4096ffa835238905bb33fb87267910e154b18b44eaabb340f2"

[[package]]
name = "windows_aarch64_msvc"
version = "0.42.1"
source = "registry+https://github.com/rust-lang/crates.io-index"
checksum = "4c8b1b673ffc16c47a9ff48570a9d85e25d265735c503681332589af6253c6c7"

[[package]]
name = "windows_i686_gnu"
version = "0.39.0"
source = "registry+https://github.com/rust-lang/crates.io-index"
checksum = "763fc57100a5f7042e3057e7e8d9bdd7860d330070251a73d003563a3bb49e1b"

[[package]]
name = "windows_i686_gnu"
version = "0.42.1"
source = "registry+https://github.com/rust-lang/crates.io-index"
checksum = "de3887528ad530ba7bdbb1faa8275ec7a1155a45ffa57c37993960277145d640"

[[package]]
name = "windows_i686_msvc"
version = "0.39.0"
source = "registry+https://github.com/rust-lang/crates.io-index"
checksum = "7bc7cbfe58828921e10a9f446fcaaf649204dcfe6c1ddd712c5eebae6bda1106"

[[package]]
name = "windows_i686_msvc"
version = "0.42.1"
source = "registry+https://github.com/rust-lang/crates.io-index"
checksum = "bf4d1122317eddd6ff351aa852118a2418ad4214e6613a50e0191f7004372605"

[[package]]
name = "windows_x86_64_gnu"
version = "0.39.0"
source = "registry+https://github.com/rust-lang/crates.io-index"
checksum = "6868c165637d653ae1e8dc4d82c25d4f97dd6605eaa8d784b5c6e0ab2a252b65"

[[package]]
name = "windows_x86_64_gnu"
version = "0.42.1"
source = "registry+https://github.com/rust-lang/crates.io-index"
checksum = "c1040f221285e17ebccbc2591ffdc2d44ee1f9186324dd3e84e99ac68d699c45"

[[package]]
name = "windows_x86_64_gnullvm"
version = "0.42.1"
source = "registry+https://github.com/rust-lang/crates.io-index"
checksum = "628bfdf232daa22b0d64fdb62b09fcc36bb01f05a3939e20ab73aaf9470d0463"

[[package]]
name = "windows_x86_64_msvc"
version = "0.39.0"
source = "registry+https://github.com/rust-lang/crates.io-index"
checksum = "5e4d40883ae9cae962787ca76ba76390ffa29214667a111db9e0a1ad8377e809"

[[package]]
name = "windows_x86_64_msvc"
version = "0.42.1"
source = "registry+https://github.com/rust-lang/crates.io-index"
checksum = "447660ad36a13288b1db4d4248e857b510e8c3a225c822ba4fb748c0aafecffd"

[[package]]
name = "wyz"
version = "0.5.1"
source = "registry+https://github.com/rust-lang/crates.io-index"
checksum = "05f360fc0b24296329c78fda852a1e9ae82de9cf7b27dae4b7f62f118f77b9ed"
dependencies = [
 "tap",
]

[[package]]
name = "x2apic"
version = "0.4.2"
source = "registry+https://github.com/rust-lang/crates.io-index"
checksum = "547152b57dd1ae0ce7a4ef1c6470f6039aa7ed22e2179d5bc4f3eda1304e0db3"
dependencies = [
 "bit",
 "bitflags",
 "paste",
 "raw-cpuid",
 "x86_64",
]

[[package]]
name = "x86_64"
version = "0.14.10"
source = "registry+https://github.com/rust-lang/crates.io-index"
checksum = "100555a863c0092238c2e0e814c1096c1e5cf066a309c696a87e907b5f8c5d69"
dependencies = [
 "bit_field",
 "bitflags",
 "rustversion",
 "volatile",
]
